
Microsoft Visual Studio Solution File, Format Version 12.00
# Visual Studio Version 17
VisualStudioVersion = 17.11.35312.102
MinimumVisualStudioVersion = 10.0.40219.1
Project("{FAE04EC0-301F-11D3-BF4B-00C04F79EFBC}") = "Scraper", "Scraper\Scraper.csproj", "{4915CB43-95C7-485B-BD72-A06CE95161B7}"
EndProject
Global
	GlobalSection(SolutionConfigurationPlatforms) = preSolution
		Debug|Any CPU = Debug|Any CPU
		Release|Any CPU = Release|Any CPU
	EndGlobalSection
	GlobalSection(ProjectConfigurationPlatforms) = postSolution
		{4915CB43-95C7-485B-BD72-A06CE95161B7}.Debug|Any CPU.ActiveCfg = Debug|Any CPU
		{4915CB43-95C7-485B-BD72-A06CE95161B7}.Debug|Any CPU.Build.0 = Debug|Any CPU
		{4915CB43-95C7-485B-BD72-A06CE95161B7}.Release|Any CPU.ActiveCfg = Release|Any CPU
		{4915CB43-95C7-485B-BD72-A06CE95161B7}.Release|Any CPU.Build.0 = Release|Any CPU
	EndGlobalSection
	GlobalSection(SolutionProperties) = preSolution
		HideSolutionNode = FALSE
	EndGlobalSection
	GlobalSection(ExtensibilityGlobals) = postSolution
		SolutionGuid = {FCC43F09-55F0-4427-A1CA-E1F81B9CCAA1}
	EndGlobalSection
EndGlobal
